// !$*UTF8*$!
{
	archiveVersion = 1;
	classes = {
	};
	objectVersion = 46;
	objects = {

/* Begin PBXBuildFile section */
		F242FD6D1D1ED5D90053EF0F /* AppDelegate.swift in Sources */ = {isa = PBXBuildFile; fileRef = F242FD6C1D1ED5D90053EF0F /* AppDelegate.swift */; };
		F242FD6F1D1ED5D90053EF0F /* ViewController.swift in Sources */ = {isa = PBXBuildFile; fileRef = F242FD6E1D1ED5D90053EF0F /* ViewController.swift */; };
		F242FD721D1ED5D90053EF0F /* Main.storyboard in Resources */ = {isa = PBXBuildFile; fileRef = F242FD701D1ED5D90053EF0F /* Main.storyboard */; };
		F242FD741D1ED5D90053EF0F /* Assets.xcassets in Resources */ = {isa = PBXBuildFile; fileRef = F242FD731D1ED5D90053EF0F /* Assets.xcassets */; };
		F242FD771D1ED5D90053EF0F /* LaunchScreen.storyboard in Resources */ = {isa = PBXBuildFile; fileRef = F242FD751D1ED5D90053EF0F /* LaunchScreen.storyboard */; };
		F242FD7F1D1ED6090053EF0F /* FlowerView.swift in Sources */ = {isa = PBXBuildFile; fileRef = F242FD7E1D1ED6090053EF0F /* FlowerView.swift */; };
/* End PBXBuildFile section */

/* Begin PBXFileReference section */
		F242FD691D1ED5D90053EF0F /* Paths.app */ = {isa = PBXFileReference; explicitFileType = wrapper.application; includeInIndex = 0; path = Paths.app; sourceTree = BUILT_PRODUCTS_DIR; };
		F242FD6C1D1ED5D90053EF0F /* AppDelegate.swift */ = {isa = PBXFileReference; lastKnownFileType = sourcecode.swift; path = AppDelegate.swift; sourceTree = "<group>"; };
		F242FD6E1D1ED5D90053EF0F /* ViewController.swift */ = {isa = PBXFileReference; lastKnownFileType = sourcecode.swift; path = ViewController.swift; sourceTree = "<group>"; };
		F242FD711D1ED5D90053EF0F /* Base */ = {isa = PBXFileReference; lastKnownFileType = file.storyboard; name = Base; path = Base.lproj/Main.storyboard; sourceTree = "<group>"; };
		F242FD731D1ED5D90053EF0F /* Assets.xcassets */ = {isa = PBXFileReference; lastKnownFileType = folder.assetcatalog; path = Assets.xcassets; sourceTree = "<group>"; };
		F242FD761D1ED5D90053EF0F /* Base */ = {isa = PBXFileReference; lastKnownFileType = file.storyboard; name = Base; path = Base.lproj/LaunchScreen.storyboard; sourceTree = "<group>"; };
		F242FD781D1ED5D90053EF0F /* Info.plist */ = {isa = PBXFileReference; lastKnownFileType = text.plist.xml; path = Info.plist; sourceTree = "<group>"; };
		F242FD7E1D1ED6090053EF0F /* FlowerView.swift */ = {isa = PBXFileReference; fileEncoding = 4; lastKnownFileType = sourcecode.swift; path = FlowerView.swift; sourceTree = "<group>"; };
/* End PBXFileReference section */

/* Begin PBXFrameworksBuildPhase section */
		F242FD661D1ED5D90053EF0F /* Frameworks */ = {
			isa = PBXFrameworksBuildPhase;
			buildActionMask = 2147483647;
			files = (
			);
			runOnlyForDeploymentPostprocessing = 0;
		};
/* End PBXFrameworksBuildPhase section */

/* Begin PBXGroup section */
		F242FD601D1ED5D90053EF0F = {
			isa = PBXGroup;
			children = (
				F242FD6B1D1ED5D90053EF0F /* Paths */,
				F242FD6A1D1ED5D90053EF0F /* Products */,
			);
			sourceTree = "<group>";
		};
		F242FD6A1D1ED5D90053EF0F /* Products */ = {
			isa = PBXGroup;
			children = (
				F242FD691D1ED5D90053EF0F /* Paths.app */,
			);
			name = Products;
			sourceTree = "<group>";
		};
		F242FD6B1D1ED5D90053EF0F /* Paths */ = {
			isa = PBXGroup;
			children = (
				F242FD6C1D1ED5D90053EF0F /* AppDelegate.swift */,
				F242FD6E1D1ED5D90053EF0F /* ViewController.swift */,
				F242FD701D1ED5D90053EF0F /* Main.storyboard */,
				F242FD7E1D1ED6090053EF0F /* FlowerView.swift */,
				F242FD731D1ED5D90053EF0F /* Assets.xcassets */,
				F242FD751D1ED5D90053EF0F /* LaunchScreen.storyboard */,
				F242FD781D1ED5D90053EF0F /* Info.plist */,
			);
			path = Paths;
			sourceTree = "<group>";
		};
/* End PBXGroup section */

/* Begin PBXNativeTarget section */
		F242FD681D1ED5D90053EF0F /* Paths */ = {
			isa = PBXNativeTarget;
			buildConfigurationList = F242FD7B1D1ED5D90053EF0F /* Build configuration list for PBXNativeTarget "Paths" */;
			buildPhases = (
				F242FD651D1ED5D90053EF0F /* Sources */,
				F242FD661D1ED5D90053EF0F /* Frameworks */,
				F242FD671D1ED5D90053EF0F /* Resources */,
			);
			buildRules = (
			);
			dependencies = (
			);
			name = Paths;
			productName = Paths;
			productReference = F242FD691D1ED5D90053EF0F /* Paths.app */;
			productType = "com.apple.product-type.application";
		};
/* End PBXNativeTarget section */

/* Begin PBXProject section */
		F242FD611D1ED5D90053EF0F /* Project object */ = {
			isa = PBXProject;
			attributes = {
				LastSwiftUpdateCheck = 0730;
				LastUpgradeCheck = 0730;
				ORGANIZATIONNAME = feiyun;
				TargetAttributes = {
					F242FD681D1ED5D90053EF0F = {
						CreatedOnToolsVersion = 7.3.1;
						DevelopmentTeam = VCY363WARL;
					};
				};
			};
			buildConfigurationList = F242FD641D1ED5D90053EF0F /* Build configuration list for PBXProject "Paths" */;
			compatibilityVersion = "Xcode 3.2";
			developmentRegion = English;
			hasScannedForEncodings = 0;
			knownRegions = (
				en,
				Base,
			);
			mainGroup = F242FD601D1ED5D90053EF0F;
			productRefGroup = F242FD6A1D1ED5D90053EF0F /* Products */;
			projectDirPath = "";
			projectRoot = "";
			targets = (
				F242FD681D1ED5D90053EF0F /* Paths */,
			);
		};
/* End PBXProject section */

/* Begin PBXResourcesBuildPhase section */
		F242FD671D1ED5D90053EF0F /* Resources */ = {
			isa = PBXResourcesBuildPhase;
			buildActionMask = 2147483647;
			files = (
				F242FD771D1ED5D90053EF0F /* LaunchScreen.storyboard in Resources */,
				F242FD741D1ED5D90053EF0F /* Assets.xcassets in Resources */,
				F242FD721D1ED5D90053EF0F /* Main.storyboard in Resources */,
			);
			runOnlyForDeploymentPostprocessing = 0;
		};
/* End PBXResourcesBuildPhase section */

/* Begin PBXSourcesBuildPhase section */
		F242FD651D1ED5D90053EF0F /* Sources */ = {
			isa = PBXSourcesBuildPhase;
			buildActionMask = 2147483647;
			files = (
				F242FD6F1D1ED5D90053EF0F /* ViewController.swift in Sources */,
				F242FD7F1D1ED6090053EF0F /* FlowerView.swift in Sources */,
				F242FD6D1D1ED5D90053EF0F /* AppDelegate.swift in Sources */,
			);
			runOnlyForDeploymentPostprocessing = 0;
		};
/* End PBXSourcesBuildPhase section */

/* Begin PBXVariantGroup section */
		F242FD701D1ED5D90053EF0F /* Main.storyboard */ = {
			isa = PBXVariantGroup;
			children = (
				F242FD711D1ED5D90053EF0F /* Base */,
			);
			name = Main.storyboard;
			sourceTree = "<group>";
		};
		F242FD751D1ED5D90053EF0F /* LaunchScreen.storyboard */ = {
			isa = PBXVariantGroup;
			children = (
				F242FD761D1ED5D90053EF0F /* Base */,
			);
			name = LaunchScreen.storyboard;
			sourceTree = "<group>";
		};
/* End PBXVariantGroup section */

/* Begin XCBuildConfiguration section */
		F242FD791D1ED5D90053EF0F /* Debug */ = {
			isa = XCBuildConfiguration;
			buildSettings = {
				ALWAYS_SEARCH_USER_PATHS = NO;
				CLANG_ANALYZER_NONNULL = YES;
				CLANG_CXX_LANGUAGE_STANDARD = "gnu++0x";
				CLANG_CXX_LIBRARY = "libc++";
				CLANG_ENABLE_MODULES = YES;
				CLANG_ENABLE_OBJC_ARC = YES;
				CLANG_WARN_BOOL_CONVERSION = YES;
				CLANG_WARN_CONSTANT_CONVERSION = YES;
				CLANG_WARN_DIRECT_OBJC_ISA_USAGE = YES_ERROR;
				CLANG_WARN_EMPTY_BODY = YES;
				CLANG_WARN_ENUM_CONVERSION = YES;
				CLANG_WARN_INT_CONVERSION = YES;
				CLANG_WARN_OBJC_ROOT_CLASS = YES_ERROR;
				CLANG_WARN_UNREACHABLE_CODE = YES;
				CLANG_WARN__DUPLICATE_METHOD_MATCH = YES;
				"CODE_SIGN_IDENTITY[sdk=iphoneos*]" = "iPhone Developer";
				COPY_PHASE_STRIP = NO;
				DEBUG_INFORMATION_FORMAT = dwarf;
				ENABLE_STRICT_OBJC_MSGSEND = YES;
				ENABLE_TESTABILITY = YES;
				GCC_C_LANGUAGE_STANDARD = gnu99;
				GCC_DYNAMIC_NO_PIC = NO;
				GCC_NO_COMMON_BLOCKS = YES;
				GCC_OPTIMIZATION_LEVEL = 0;
				GCC_PREPROCESSOR_DEFINITIONS = (
					"DEBUG=1",
					"$(inherited)",
				);
				GCC_WARN_64_TO_32_BIT_CONVERSION = YES;
				GCC_WARN_ABOUT_RETURN_TYPE = YES_ERROR;
				GCC_WARN_UNDECLARED_SELECTOR = YES;
				GCC_WARN_UNINITIALIZED_AUTOS = YES_AGGRESSIVE;
				GCC_WARN_UNUSED_FUNCTION = YES;
				GCC_WARN_UNUSED_VARIABLE = YES;
				IPHONEOS_DEPLOYMENT_TARGET = 9.3;
				MTL_ENABLE_DEBUG_INFO = YES;
				ONLY_ACTIVE_ARCH = YES;
				SDKROOT = iphoneos;
				SWIFT_OPTIMIZATION_LEVEL = "-Onone";
				TARGETED_DEVICE_FAMILY = "1,2";
			};
			name = Debug;
		};
		F242FD7A1D1ED5D90053EF0F /* Release */ = {
			isa = XCBuildConfiguration;
			buildSettings = {
				ALWAYS_SEARCH_USER_PATHS = NO;
				CLANG_ANALYZER_NONNULL = YES;
				CLANG_CXX_LANGUAGE_STANDARD = "gnu++0x";
				CLANG_CXX_LIBRARY = "libc++";
				CLANG_ENABLE_MODULES = YES;
				CLANG_ENABLE_OBJC_ARC = YES;
				CLANG_WARN_BOOL_CONVERSION = YES;
				CLANG_WARN_CONSTANT_CONVERSION = YES;
				CLANG_WARN_DIRECT_OBJC_ISA_USAGE = YES_ERROR;
				CLANG_WARN_EMPTY_BODY = YES;
				CLANG_WARN_ENUM_CONVERSION = YES;
				CLANG_WARN_INT_CONVERSION = YES;
				CLANG_WARN_OBJC_ROOT_CLASS = YES_ERROR;
				CLANG_WARN_UNREACHABLE_CODE = YES;
				CLANG_WARN__DUPLICATE_METHOD_MATCH = YES;
				"CODE_SIGN_IDENTITY[sdk=iphoneos*]" = "iPhone Developer";
				COPY_PHASE_STRIP = NO;
				DEBUG_INFORMATION_FORMAT = "dwarf-with-dsym";
				ENABLE_NS_ASSERTIONS = NO;
				ENABLE_STRICT_OBJC_MSGSEND = YES;
				GCC_C_LANGUAGE_STANDARD = gnu99;
				GCC_NO_COMMON_BLOCKS = YES;
				GCC_WARN_64_TO_32_BIT_CONVERSION = YES;
				GCC_WARN_ABOUT_RETURN_TYPE = YES_ERROR;
				GCC_WARN_UNDECLARED_SELECTOR = YES;
				GCC_WARN_UNINITIALIZED_AUTOS = YES_AGGRESSIVE;
				GCC_WARN_UNUSED_FUNCTION = YES;
				GCC_WARN_UNUSED_VARIABLE = YES;
				IPHONEOS_DEPLOYMENT_TARGET = 9.3;
				MTL_ENABLE_DEBUG_INFO = NO;
				SDKROOT = iphoneos;
				TARGETED_DEVICE_FAMILY = "1,2";
				VALIDATE_PRODUCT = YES;
			};
			name = Release;
		};
		F242FD7C1D1ED5D90053EF0F /* Debug */ = {
			isa = XCBuildConfiguration;
			buildSettings = {
				ASSETCATALOG_COMPILER_APPICON_NAME = AppIcon;
				INFOPLIST_FILE = Paths/Info.plist;
				LD_RUNPATH_SEARCH_PATHS = "$(inherited) @executable_path/Frameworks";
				PRODUCT_BUNDLE_IDENTIFIER = com.feiyun.Paths;
				PRODUCT_NAME = "$(TARGET_NAME)";
			};
			name = Debug;
		};
		F242FD7D1D1ED5D90053EF0F /* Release */ = {
			isa = XCBuildConfiguration;
			buildSettings = {
				ASSETCATALOG_COMPILER_APPICON_NAME = AppIcon;
				INFOPLIST_FILE = Paths/Info.plist;
				LD_RUNPATH_SEARCH_PATHS = "$(inherited) @executable_path/Frameworks";
				PRODUCT_BUNDLE_IDENTIFIER = com.feiyun.Paths;
				PRODUCT_NAME = "$(TARGET_NAME)";
			};
			name = Release;
		};
/* End XCBuildConfiguration section */

/* Begin XCConfigurationList section */
		F242FD641D1ED5D90053EF0F /* Build configuration list for PBXProject "Paths" */ = {
			isa = XCConfigurationList;
			buildConfigurations = (
				F242FD791D1ED5D90053EF0F /* Debug */,
				F242FD7A1D1ED5D90053EF0F /* Release */,
			);
			defaultConfigurationIsVisible = 0;
			defaultConfigurationName = Release;
		};
		F242FD7B1D1ED5D90053EF0F /* Build configuration list for PBXNativeTarget "Paths" */ = {
			isa = XCConfigurationList;
			buildConfigurations = (
				F242FD7C1D1ED5D90053EF0F /* Debug */,
				F242FD7D1D1ED5D90053EF0F /* Release */,
			);
			defaultConfigurationIsVisible = 0;
		};
/* End XCConfigurationList section */
	};
	rootObject = F242FD611D1ED5D90053EF0F /* Project object */;
}
