// !$*UTF8*$!
{
	archiveVersion = 1;
	classes = {
	};
	objectVersion = 46;
	objects = {

/* Begin PBXBuildFile section */
		F226BA5C1CC7D889005BDE5F /* AppDelegate.swift in Sources */ = {isa = PBXBuildFile; fileRef = F226BA5B1CC7D889005BDE5F /* AppDelegate.swift */; };
		F226BA5E1CC7D889005BDE5F /* ViewController.swift in Sources */ = {isa = PBXBuildFile; fileRef = F226BA5D1CC7D889005BDE5F /* ViewController.swift */; };
		F226BA611CC7D889005BDE5F /* Main.storyboard in Resources */ = {isa = PBXBuildFile; fileRef = F226BA5F1CC7D889005BDE5F /* Main.storyboard */; };
		F226BA631CC7D889005BDE5F /* Assets.xcassets in Resources */ = {isa = PBXBuildFile; fileRef = F226BA621CC7D889005BDE5F /* Assets.xcassets */; };
		F226BA661CC7D889005BDE5F /* LaunchScreen.storyboard in Resources */ = {isa = PBXBuildFile; fileRef = F226BA641CC7D889005BDE5F /* LaunchScreen.storyboard */; };
		F226BA6E1CC7D8B0005BDE5F /* CoreLocation.framework in Frameworks */ = {isa = PBXBuildFile; fileRef = F226BA6D1CC7D8B0005BDE5F /* CoreLocation.framework */; };
/* End PBXBuildFile section */

/* Begin PBXFileReference section */
		F226BA581CC7D889005BDE5F /* location.app */ = {isa = PBXFileReference; explicitFileType = wrapper.application; includeInIndex = 0; path = location.app; sourceTree = BUILT_PRODUCTS_DIR; };
		F226BA5B1CC7D889005BDE5F /* AppDelegate.swift */ = {isa = PBXFileReference; lastKnownFileType = sourcecode.swift; path = AppDelegate.swift; sourceTree = "<group>"; };
		F226BA5D1CC7D889005BDE5F /* ViewController.swift */ = {isa = PBXFileReference; lastKnownFileType = sourcecode.swift; path = ViewController.swift; sourceTree = "<group>"; };
		F226BA601CC7D889005BDE5F /* Base */ = {isa = PBXFileReference; lastKnownFileType = file.storyboard; name = Base; path = Base.lproj/Main.storyboard; sourceTree = "<group>"; };
		F226BA621CC7D889005BDE5F /* Assets.xcassets */ = {isa = PBXFileReference; lastKnownFileType = folder.assetcatalog; path = Assets.xcassets; sourceTree = "<group>"; };
		F226BA651CC7D889005BDE5F /* Base */ = {isa = PBXFileReference; lastKnownFileType = file.storyboard; name = Base; path = Base.lproj/LaunchScreen.storyboard; sourceTree = "<group>"; };
		F226BA671CC7D889005BDE5F /* Info.plist */ = {isa = PBXFileReference; lastKnownFileType = text.plist.xml; path = Info.plist; sourceTree = "<group>"; };
		F226BA6D1CC7D8B0005BDE5F /* CoreLocation.framework */ = {isa = PBXFileReference; lastKnownFileType = wrapper.framework; name = CoreLocation.framework; path = System/Library/Frameworks/CoreLocation.framework; sourceTree = SDKROOT; };
/* End PBXFileReference section */

/* Begin PBXFrameworksBuildPhase section */
		F226BA551CC7D889005BDE5F /* Frameworks */ = {
			isa = PBXFrameworksBuildPhase;
			buildActionMask = 2147483647;
			files = (
				F226BA6E1CC7D8B0005BDE5F /* CoreLocation.framework in Frameworks */,
			);
			runOnlyForDeploymentPostprocessing = 0;
		};
/* End PBXFrameworksBuildPhase section */

/* Begin PBXGroup section */
		F226BA4F1CC7D889005BDE5F = {
			isa = PBXGroup;
			children = (
				F226BA6D1CC7D8B0005BDE5F /* CoreLocation.framework */,
				F226BA5A1CC7D889005BDE5F /* location */,
				F226BA591CC7D889005BDE5F /* Products */,
			);
			sourceTree = "<group>";
		};
		F226BA591CC7D889005BDE5F /* Products */ = {
			isa = PBXGroup;
			children = (
				F226BA581CC7D889005BDE5F /* location.app */,
			);
			name = Products;
			sourceTree = "<group>";
		};
		F226BA5A1CC7D889005BDE5F /* location */ = {
			isa = PBXGroup;
			children = (
				F226BA5B1CC7D889005BDE5F /* AppDelegate.swift */,
				F226BA5D1CC7D889005BDE5F /* ViewController.swift */,
				F226BA5F1CC7D889005BDE5F /* Main.storyboard */,
				F226BA621CC7D889005BDE5F /* Assets.xcassets */,
				F226BA641CC7D889005BDE5F /* LaunchScreen.storyboard */,
				F226BA671CC7D889005BDE5F /* Info.plist */,
			);
			path = location;
			sourceTree = "<group>";
		};
/* End PBXGroup section */

/* Begin PBXNativeTarget section */
		F226BA571CC7D889005BDE5F /* location */ = {
			isa = PBXNativeTarget;
			buildConfigurationList = F226BA6A1CC7D889005BDE5F /* Build configuration list for PBXNativeTarget "location" */;
			buildPhases = (
				F226BA541CC7D889005BDE5F /* Sources */,
				F226BA551CC7D889005BDE5F /* Frameworks */,
				F226BA561CC7D889005BDE5F /* Resources */,
			);
			buildRules = (
			);
			dependencies = (
			);
			name = location;
			productName = location;
			productReference = F226BA581CC7D889005BDE5F /* location.app */;
			productType = "com.apple.product-type.application";
		};
/* End PBXNativeTarget section */

/* Begin PBXProject section */
		F226BA501CC7D889005BDE5F /* Project object */ = {
			isa = PBXProject;
			attributes = {
				LastSwiftUpdateCheck = 0730;
				LastUpgradeCheck = 0730;
				ORGANIZATIONNAME = feiyun;
				TargetAttributes = {
					F226BA571CC7D889005BDE5F = {
						CreatedOnToolsVersion = 7.3;
						DevelopmentTeam = VCY363WARL;
					};
				};
			};
			buildConfigurationList = F226BA531CC7D889005BDE5F /* Build configuration list for PBXProject "location" */;
			compatibilityVersion = "Xcode 3.2";
			developmentRegion = English;
			hasScannedForEncodings = 0;
			knownRegions = (
				en,
				Base,
			);
			mainGroup = F226BA4F1CC7D889005BDE5F;
			productRefGroup = F226BA591CC7D889005BDE5F /* Products */;
			projectDirPath = "";
			projectRoot = "";
			targets = (
				F226BA571CC7D889005BDE5F /* location */,
			);
		};
/* End PBXProject section */

/* Begin PBXResourcesBuildPhase section */
		F226BA561CC7D889005BDE5F /* Resources */ = {
			isa = PBXResourcesBuildPhase;
			buildActionMask = 2147483647;
			files = (
				F226BA661CC7D889005BDE5F /* LaunchScreen.storyboard in Resources */,
				F226BA631CC7D889005BDE5F /* Assets.xcassets in Resources */,
				F226BA611CC7D889005BDE5F /* Main.storyboard in Resources */,
			);
			runOnlyForDeploymentPostprocessing = 0;
		};
/* End PBXResourcesBuildPhase section */

/* Begin PBXSourcesBuildPhase section */
		F226BA541CC7D889005BDE5F /* Sources */ = {
			isa = PBXSourcesBuildPhase;
			buildActionMask = 2147483647;
			files = (
				F226BA5E1CC7D889005BDE5F /* ViewController.swift in Sources */,
				F226BA5C1CC7D889005BDE5F /* AppDelegate.swift in Sources */,
			);
			runOnlyForDeploymentPostprocessing = 0;
		};
/* End PBXSourcesBuildPhase section */

/* Begin PBXVariantGroup section */
		F226BA5F1CC7D889005BDE5F /* Main.storyboard */ = {
			isa = PBXVariantGroup;
			children = (
				F226BA601CC7D889005BDE5F /* Base */,
			);
			name = Main.storyboard;
			sourceTree = "<group>";
		};
		F226BA641CC7D889005BDE5F /* LaunchScreen.storyboard */ = {
			isa = PBXVariantGroup;
			children = (
				F226BA651CC7D889005BDE5F /* Base */,
			);
			name = LaunchScreen.storyboard;
			sourceTree = "<group>";
		};
/* End PBXVariantGroup section */

/* Begin XCBuildConfiguration section */
		F226BA681CC7D889005BDE5F /* Debug */ = {
			isa = XCBuildConfiguration;
			buildSettings = {
				ALWAYS_SEARCH_USER_PATHS = NO;
				CLANG_ANALYZER_NONNULL = YES;
				CLANG_CXX_LANGUAGE_STANDARD = "gnu++0x";
				CLANG_CXX_LIBRARY = "libc++";
				CLANG_ENABLE_MODULES = YES;
				CLANG_ENABLE_OBJC_ARC = YES;
				CLANG_WARN_BOOL_CONVERSION = YES;
				CLANG_WARN_CONSTANT_CONVERSION = YES;
				CLANG_WARN_DIRECT_OBJC_ISA_USAGE = YES_ERROR;
				CLANG_WARN_EMPTY_BODY = YES;
				CLANG_WARN_ENUM_CONVERSION = YES;
				CLANG_WARN_INT_CONVERSION = YES;
				CLANG_WARN_OBJC_ROOT_CLASS = YES_ERROR;
				CLANG_WARN_UNREACHABLE_CODE = YES;
				CLANG_WARN__DUPLICATE_METHOD_MATCH = YES;
				"CODE_SIGN_IDENTITY[sdk=iphoneos*]" = "iPhone Developer";
				COPY_PHASE_STRIP = NO;
				DEBUG_INFORMATION_FORMAT = dwarf;
				ENABLE_STRICT_OBJC_MSGSEND = YES;
				ENABLE_TESTABILITY = YES;
				GCC_C_LANGUAGE_STANDARD = gnu99;
				GCC_DYNAMIC_NO_PIC = NO;
				GCC_NO_COMMON_BLOCKS = YES;
				GCC_OPTIMIZATION_LEVEL = 0;
				GCC_PREPROCESSOR_DEFINITIONS = (
					"DEBUG=1",
					"$(inherited)",
				);
				GCC_WARN_64_TO_32_BIT_CONVERSION = YES;
				GCC_WARN_ABOUT_RETURN_TYPE = YES_ERROR;
				GCC_WARN_UNDECLARED_SELECTOR = YES;
				GCC_WARN_UNINITIALIZED_AUTOS = YES_AGGRESSIVE;
				GCC_WARN_UNUSED_FUNCTION = YES;
				GCC_WARN_UNUSED_VARIABLE = YES;
				IPHONEOS_DEPLOYMENT_TARGET = 9.3;
				MTL_ENABLE_DEBUG_INFO = YES;
				ONLY_ACTIVE_ARCH = YES;
				SDKROOT = iphoneos;
				SWIFT_OPTIMIZATION_LEVEL = "-Onone";
				TARGETED_DEVICE_FAMILY = "1,2";
			};
			name = Debug;
		};
		F226BA691CC7D889005BDE5F /* Release */ = {
			isa = XCBuildConfiguration;
			buildSettings = {
				ALWAYS_SEARCH_USER_PATHS = NO;
				CLANG_ANALYZER_NONNULL = YES;
				CLANG_CXX_LANGUAGE_STANDARD = "gnu++0x";
				CLANG_CXX_LIBRARY = "libc++";
				CLANG_ENABLE_MODULES = YES;
				CLANG_ENABLE_OBJC_ARC = YES;
				CLANG_WARN_BOOL_CONVERSION = YES;
				CLANG_WARN_CONSTANT_CONVERSION = YES;
				CLANG_WARN_DIRECT_OBJC_ISA_USAGE = YES_ERROR;
				CLANG_WARN_EMPTY_BODY = YES;
				CLANG_WARN_ENUM_CONVERSION = YES;
				CLANG_WARN_INT_CONVERSION = YES;
				CLANG_WARN_OBJC_ROOT_CLASS = YES_ERROR;
				CLANG_WARN_UNREACHABLE_CODE = YES;
				CLANG_WARN__DUPLICATE_METHOD_MATCH = YES;
				"CODE_SIGN_IDENTITY[sdk=iphoneos*]" = "iPhone Developer";
				COPY_PHASE_STRIP = NO;
				DEBUG_INFORMATION_FORMAT = "dwarf-with-dsym";
				ENABLE_NS_ASSERTIONS = NO;
				ENABLE_STRICT_OBJC_MSGSEND = YES;
				GCC_C_LANGUAGE_STANDARD = gnu99;
				GCC_NO_COMMON_BLOCKS = YES;
				GCC_WARN_64_TO_32_BIT_CONVERSION = YES;
				GCC_WARN_ABOUT_RETURN_TYPE = YES_ERROR;
				GCC_WARN_UNDECLARED_SELECTOR = YES;
				GCC_WARN_UNINITIALIZED_AUTOS = YES_AGGRESSIVE;
				GCC_WARN_UNUSED_FUNCTION = YES;
				GCC_WARN_UNUSED_VARIABLE = YES;
				IPHONEOS_DEPLOYMENT_TARGET = 9.3;
				MTL_ENABLE_DEBUG_INFO = NO;
				SDKROOT = iphoneos;
				TARGETED_DEVICE_FAMILY = "1,2";
				VALIDATE_PRODUCT = YES;
			};
			name = Release;
		};
		F226BA6B1CC7D889005BDE5F /* Debug */ = {
			isa = XCBuildConfiguration;
			buildSettings = {
				ASSETCATALOG_COMPILER_APPICON_NAME = AppIcon;
				INFOPLIST_FILE = location/Info.plist;
				LD_RUNPATH_SEARCH_PATHS = "$(inherited) @executable_path/Frameworks";
				PRODUCT_BUNDLE_IDENTIFIER = com.feiyun.location;
				PRODUCT_NAME = "$(TARGET_NAME)";
			};
			name = Debug;
		};
		F226BA6C1CC7D889005BDE5F /* Release */ = {
			isa = XCBuildConfiguration;
			buildSettings = {
				ASSETCATALOG_COMPILER_APPICON_NAME = AppIcon;
				INFOPLIST_FILE = location/Info.plist;
				LD_RUNPATH_SEARCH_PATHS = "$(inherited) @executable_path/Frameworks";
				PRODUCT_BUNDLE_IDENTIFIER = com.feiyun.location;
				PRODUCT_NAME = "$(TARGET_NAME)";
			};
			name = Release;
		};
/* End XCBuildConfiguration section */

/* Begin XCConfigurationList section */
		F226BA531CC7D889005BDE5F /* Build configuration list for PBXProject "location" */ = {
			isa = XCConfigurationList;
			buildConfigurations = (
				F226BA681CC7D889005BDE5F /* Debug */,
				F226BA691CC7D889005BDE5F /* Release */,
			);
			defaultConfigurationIsVisible = 0;
			defaultConfigurationName = Release;
		};
		F226BA6A1CC7D889005BDE5F /* Build configuration list for PBXNativeTarget "location" */ = {
			isa = XCConfigurationList;
			buildConfigurations = (
				F226BA6B1CC7D889005BDE5F /* Debug */,
				F226BA6C1CC7D889005BDE5F /* Release */,
			);
			defaultConfigurationIsVisible = 0;
		};
/* End XCConfigurationList section */
	};
	rootObject = F226BA501CC7D889005BDE5F /* Project object */;
}
