// !$*UTF8*$!
{
	archiveVersion = 1;
	classes = {
	};
	objectVersion = 46;
	objects = {

/* Begin PBXBuildFile section */
		F2BE6FAC1CE87964004DD3FC /* AppDelegate.swift in Sources */ = {isa = PBXBuildFile; fileRef = F2BE6FAB1CE87964004DD3FC /* AppDelegate.swift */; };
		F2BE6FAE1CE87964004DD3FC /* ViewController.swift in Sources */ = {isa = PBXBuildFile; fileRef = F2BE6FAD1CE87964004DD3FC /* ViewController.swift */; };
		F2BE6FB11CE87964004DD3FC /* Main.storyboard in Resources */ = {isa = PBXBuildFile; fileRef = F2BE6FAF1CE87964004DD3FC /* Main.storyboard */; };
		F2BE6FB31CE87964004DD3FC /* Assets.xcassets in Resources */ = {isa = PBXBuildFile; fileRef = F2BE6FB21CE87964004DD3FC /* Assets.xcassets */; };
		F2BE6FB61CE87964004DD3FC /* LaunchScreen.storyboard in Resources */ = {isa = PBXBuildFile; fileRef = F2BE6FB41CE87964004DD3FC /* LaunchScreen.storyboard */; };
/* End PBXBuildFile section */

/* Begin PBXFileReference section */
		F2BE6FA81CE87964004DD3FC /* AnimatedSplash.app */ = {isa = PBXFileReference; explicitFileType = wrapper.application; includeInIndex = 0; path = AnimatedSplash.app; sourceTree = BUILT_PRODUCTS_DIR; };
		F2BE6FAB1CE87964004DD3FC /* AppDelegate.swift */ = {isa = PBXFileReference; lastKnownFileType = sourcecode.swift; path = AppDelegate.swift; sourceTree = "<group>"; };
		F2BE6FAD1CE87964004DD3FC /* ViewController.swift */ = {isa = PBXFileReference; lastKnownFileType = sourcecode.swift; path = ViewController.swift; sourceTree = "<group>"; };
		F2BE6FB01CE87964004DD3FC /* Base */ = {isa = PBXFileReference; lastKnownFileType = file.storyboard; name = Base; path = Base.lproj/Main.storyboard; sourceTree = "<group>"; };
		F2BE6FB21CE87964004DD3FC /* Assets.xcassets */ = {isa = PBXFileReference; lastKnownFileType = folder.assetcatalog; path = Assets.xcassets; sourceTree = "<group>"; };
		F2BE6FB51CE87964004DD3FC /* Base */ = {isa = PBXFileReference; lastKnownFileType = file.storyboard; name = Base; path = Base.lproj/LaunchScreen.storyboard; sourceTree = "<group>"; };
		F2BE6FB71CE87964004DD3FC /* Info.plist */ = {isa = PBXFileReference; lastKnownFileType = text.plist.xml; path = Info.plist; sourceTree = "<group>"; };
/* End PBXFileReference section */

/* Begin PBXFrameworksBuildPhase section */
		F2BE6FA51CE87964004DD3FC /* Frameworks */ = {
			isa = PBXFrameworksBuildPhase;
			buildActionMask = 2147483647;
			files = (
			);
			runOnlyForDeploymentPostprocessing = 0;
		};
/* End PBXFrameworksBuildPhase section */

/* Begin PBXGroup section */
		F2BE6F9F1CE87964004DD3FC = {
			isa = PBXGroup;
			children = (
				F2BE6FAA1CE87964004DD3FC /* AnimatedSplash */,
				F2BE6FA91CE87964004DD3FC /* Products */,
			);
			sourceTree = "<group>";
		};
		F2BE6FA91CE87964004DD3FC /* Products */ = {
			isa = PBXGroup;
			children = (
				F2BE6FA81CE87964004DD3FC /* AnimatedSplash.app */,
			);
			name = Products;
			sourceTree = "<group>";
		};
		F2BE6FAA1CE87964004DD3FC /* AnimatedSplash */ = {
			isa = PBXGroup;
			children = (
				F2BE6FAB1CE87964004DD3FC /* AppDelegate.swift */,
				F2BE6FAD1CE87964004DD3FC /* ViewController.swift */,
				F2BE6FAF1CE87964004DD3FC /* Main.storyboard */,
				F2BE6FB21CE87964004DD3FC /* Assets.xcassets */,
				F2BE6FB41CE87964004DD3FC /* LaunchScreen.storyboard */,
				F2BE6FB71CE87964004DD3FC /* Info.plist */,
			);
			path = AnimatedSplash;
			sourceTree = "<group>";
		};
/* End PBXGroup section */

/* Begin PBXNativeTarget section */
		F2BE6FA71CE87964004DD3FC /* AnimatedSplash */ = {
			isa = PBXNativeTarget;
			buildConfigurationList = F2BE6FBA1CE87964004DD3FC /* Build configuration list for PBXNativeTarget "AnimatedSplash" */;
			buildPhases = (
				F2BE6FA41CE87964004DD3FC /* Sources */,
				F2BE6FA51CE87964004DD3FC /* Frameworks */,
				F2BE6FA61CE87964004DD3FC /* Resources */,
			);
			buildRules = (
			);
			dependencies = (
			);
			name = AnimatedSplash;
			productName = AnimatedSplash;
			productReference = F2BE6FA81CE87964004DD3FC /* AnimatedSplash.app */;
			productType = "com.apple.product-type.application";
		};
/* End PBXNativeTarget section */

/* Begin PBXProject section */
		F2BE6FA01CE87964004DD3FC /* Project object */ = {
			isa = PBXProject;
			attributes = {
				LastSwiftUpdateCheck = 0730;
				LastUpgradeCheck = 0730;
				ORGANIZATIONNAME = feiyun;
				TargetAttributes = {
					F2BE6FA71CE87964004DD3FC = {
						CreatedOnToolsVersion = 7.3.1;
						DevelopmentTeam = VCY363WARL;
					};
				};
			};
			buildConfigurationList = F2BE6FA31CE87964004DD3FC /* Build configuration list for PBXProject "AnimatedSplash" */;
			compatibilityVersion = "Xcode 3.2";
			developmentRegion = English;
			hasScannedForEncodings = 0;
			knownRegions = (
				en,
				Base,
			);
			mainGroup = F2BE6F9F1CE87964004DD3FC;
			productRefGroup = F2BE6FA91CE87964004DD3FC /* Products */;
			projectDirPath = "";
			projectRoot = "";
			targets = (
				F2BE6FA71CE87964004DD3FC /* AnimatedSplash */,
			);
		};
/* End PBXProject section */

/* Begin PBXResourcesBuildPhase section */
		F2BE6FA61CE87964004DD3FC /* Resources */ = {
			isa = PBXResourcesBuildPhase;
			buildActionMask = 2147483647;
			files = (
				F2BE6FB61CE87964004DD3FC /* LaunchScreen.storyboard in Resources */,
				F2BE6FB31CE87964004DD3FC /* Assets.xcassets in Resources */,
				F2BE6FB11CE87964004DD3FC /* Main.storyboard in Resources */,
			);
			runOnlyForDeploymentPostprocessing = 0;
		};
/* End PBXResourcesBuildPhase section */

/* Begin PBXSourcesBuildPhase section */
		F2BE6FA41CE87964004DD3FC /* Sources */ = {
			isa = PBXSourcesBuildPhase;
			buildActionMask = 2147483647;
			files = (
				F2BE6FAE1CE87964004DD3FC /* ViewController.swift in Sources */,
				F2BE6FAC1CE87964004DD3FC /* AppDelegate.swift in Sources */,
			);
			runOnlyForDeploymentPostprocessing = 0;
		};
/* End PBXSourcesBuildPhase section */

/* Begin PBXVariantGroup section */
		F2BE6FAF1CE87964004DD3FC /* Main.storyboard */ = {
			isa = PBXVariantGroup;
			children = (
				F2BE6FB01CE87964004DD3FC /* Base */,
			);
			name = Main.storyboard;
			sourceTree = "<group>";
		};
		F2BE6FB41CE87964004DD3FC /* LaunchScreen.storyboard */ = {
			isa = PBXVariantGroup;
			children = (
				F2BE6FB51CE87964004DD3FC /* Base */,
			);
			name = LaunchScreen.storyboard;
			sourceTree = "<group>";
		};
/* End PBXVariantGroup section */

/* Begin XCBuildConfiguration section */
		F2BE6FB81CE87964004DD3FC /* Debug */ = {
			isa = XCBuildConfiguration;
			buildSettings = {
				ALWAYS_SEARCH_USER_PATHS = NO;
				CLANG_ANALYZER_NONNULL = YES;
				CLANG_CXX_LANGUAGE_STANDARD = "gnu++0x";
				CLANG_CXX_LIBRARY = "libc++";
				CLANG_ENABLE_MODULES = YES;
				CLANG_ENABLE_OBJC_ARC = YES;
				CLANG_WARN_BOOL_CONVERSION = YES;
				CLANG_WARN_CONSTANT_CONVERSION = YES;
				CLANG_WARN_DIRECT_OBJC_ISA_USAGE = YES_ERROR;
				CLANG_WARN_EMPTY_BODY = YES;
				CLANG_WARN_ENUM_CONVERSION = YES;
				CLANG_WARN_INT_CONVERSION = YES;
				CLANG_WARN_OBJC_ROOT_CLASS = YES_ERROR;
				CLANG_WARN_UNREACHABLE_CODE = YES;
				CLANG_WARN__DUPLICATE_METHOD_MATCH = YES;
				"CODE_SIGN_IDENTITY[sdk=iphoneos*]" = "iPhone Developer";
				COPY_PHASE_STRIP = NO;
				DEBUG_INFORMATION_FORMAT = dwarf;
				ENABLE_STRICT_OBJC_MSGSEND = YES;
				ENABLE_TESTABILITY = YES;
				GCC_C_LANGUAGE_STANDARD = gnu99;
				GCC_DYNAMIC_NO_PIC = NO;
				GCC_NO_COMMON_BLOCKS = YES;
				GCC_OPTIMIZATION_LEVEL = 0;
				GCC_PREPROCESSOR_DEFINITIONS = (
					"DEBUG=1",
					"$(inherited)",
				);
				GCC_WARN_64_TO_32_BIT_CONVERSION = YES;
				GCC_WARN_ABOUT_RETURN_TYPE = YES_ERROR;
				GCC_WARN_UNDECLARED_SELECTOR = YES;
				GCC_WARN_UNINITIALIZED_AUTOS = YES_AGGRESSIVE;
				GCC_WARN_UNUSED_FUNCTION = YES;
				GCC_WARN_UNUSED_VARIABLE = YES;
				IPHONEOS_DEPLOYMENT_TARGET = 9.3;
				MTL_ENABLE_DEBUG_INFO = YES;
				ONLY_ACTIVE_ARCH = YES;
				SDKROOT = iphoneos;
				SWIFT_OPTIMIZATION_LEVEL = "-Onone";
				TARGETED_DEVICE_FAMILY = "1,2";
			};
			name = Debug;
		};
		F2BE6FB91CE87964004DD3FC /* Release */ = {
			isa = XCBuildConfiguration;
			buildSettings = {
				ALWAYS_SEARCH_USER_PATHS = NO;
				CLANG_ANALYZER_NONNULL = YES;
				CLANG_CXX_LANGUAGE_STANDARD = "gnu++0x";
				CLANG_CXX_LIBRARY = "libc++";
				CLANG_ENABLE_MODULES = YES;
				CLANG_ENABLE_OBJC_ARC = YES;
				CLANG_WARN_BOOL_CONVERSION = YES;
				CLANG_WARN_CONSTANT_CONVERSION = YES;
				CLANG_WARN_DIRECT_OBJC_ISA_USAGE = YES_ERROR;
				CLANG_WARN_EMPTY_BODY = YES;
				CLANG_WARN_ENUM_CONVERSION = YES;
				CLANG_WARN_INT_CONVERSION = YES;
				CLANG_WARN_OBJC_ROOT_CLASS = YES_ERROR;
				CLANG_WARN_UNREACHABLE_CODE = YES;
				CLANG_WARN__DUPLICATE_METHOD_MATCH = YES;
				"CODE_SIGN_IDENTITY[sdk=iphoneos*]" = "iPhone Developer";
				COPY_PHASE_STRIP = NO;
				DEBUG_INFORMATION_FORMAT = "dwarf-with-dsym";
				ENABLE_NS_ASSERTIONS = NO;
				ENABLE_STRICT_OBJC_MSGSEND = YES;
				GCC_C_LANGUAGE_STANDARD = gnu99;
				GCC_NO_COMMON_BLOCKS = YES;
				GCC_WARN_64_TO_32_BIT_CONVERSION = YES;
				GCC_WARN_ABOUT_RETURN_TYPE = YES_ERROR;
				GCC_WARN_UNDECLARED_SELECTOR = YES;
				GCC_WARN_UNINITIALIZED_AUTOS = YES_AGGRESSIVE;
				GCC_WARN_UNUSED_FUNCTION = YES;
				GCC_WARN_UNUSED_VARIABLE = YES;
				IPHONEOS_DEPLOYMENT_TARGET = 9.3;
				MTL_ENABLE_DEBUG_INFO = NO;
				SDKROOT = iphoneos;
				TARGETED_DEVICE_FAMILY = "1,2";
				VALIDATE_PRODUCT = YES;
			};
			name = Release;
		};
		F2BE6FBB1CE87964004DD3FC /* Debug */ = {
			isa = XCBuildConfiguration;
			buildSettings = {
				ASSETCATALOG_COMPILER_APPICON_NAME = AppIcon;
				INFOPLIST_FILE = AnimatedSplash/Info.plist;
				LD_RUNPATH_SEARCH_PATHS = "$(inherited) @executable_path/Frameworks";
				PRODUCT_BUNDLE_IDENTIFIER = com.feiyun.AnimatedSplash;
				PRODUCT_NAME = "$(TARGET_NAME)";
			};
			name = Debug;
		};
		F2BE6FBC1CE87964004DD3FC /* Release */ = {
			isa = XCBuildConfiguration;
			buildSettings = {
				ASSETCATALOG_COMPILER_APPICON_NAME = AppIcon;
				INFOPLIST_FILE = AnimatedSplash/Info.plist;
				LD_RUNPATH_SEARCH_PATHS = "$(inherited) @executable_path/Frameworks";
				PRODUCT_BUNDLE_IDENTIFIER = com.feiyun.AnimatedSplash;
				PRODUCT_NAME = "$(TARGET_NAME)";
			};
			name = Release;
		};
/* End XCBuildConfiguration section */

/* Begin XCConfigurationList section */
		F2BE6FA31CE87964004DD3FC /* Build configuration list for PBXProject "AnimatedSplash" */ = {
			isa = XCConfigurationList;
			buildConfigurations = (
				F2BE6FB81CE87964004DD3FC /* Debug */,
				F2BE6FB91CE87964004DD3FC /* Release */,
			);
			defaultConfigurationIsVisible = 0;
			defaultConfigurationName = Release;
		};
		F2BE6FBA1CE87964004DD3FC /* Build configuration list for PBXNativeTarget "AnimatedSplash" */ = {
			isa = XCConfigurationList;
			buildConfigurations = (
				F2BE6FBB1CE87964004DD3FC /* Debug */,
				F2BE6FBC1CE87964004DD3FC /* Release */,
			);
			defaultConfigurationIsVisible = 0;
		};
/* End XCConfigurationList section */
	};
	rootObject = F2BE6FA01CE87964004DD3FC /* Project object */;
}
