// !$*UTF8*$!
{
	archiveVersion = 1;
	classes = {
	};
	objectVersion = 46;
	objects = {

/* Begin PBXBuildFile section */
		F26577021CBBEC9A00C030D9 /* AppDelegate.swift in Sources */ = {isa = PBXBuildFile; fileRef = F26577011CBBEC9A00C030D9 /* AppDelegate.swift */; };
		F26577041CBBEC9A00C030D9 /* ViewController.swift in Sources */ = {isa = PBXBuildFile; fileRef = F26577031CBBEC9A00C030D9 /* ViewController.swift */; };
		F26577071CBBEC9A00C030D9 /* Main.storyboard in Resources */ = {isa = PBXBuildFile; fileRef = F26577051CBBEC9A00C030D9 /* Main.storyboard */; };
		F26577091CBBEC9A00C030D9 /* Assets.xcassets in Resources */ = {isa = PBXBuildFile; fileRef = F26577081CBBEC9A00C030D9 /* Assets.xcassets */; };
		F265770C1CBBEC9A00C030D9 /* LaunchScreen.storyboard in Resources */ = {isa = PBXBuildFile; fileRef = F265770A1CBBEC9A00C030D9 /* LaunchScreen.storyboard */; };
		F26577171CBBEC9A00C030D9 /* Project_01___SimpleStopWatchTests.swift in Sources */ = {isa = PBXBuildFile; fileRef = F26577161CBBEC9A00C030D9 /* Project_01___SimpleStopWatchTests.swift */; };
		F26577221CBBEC9A00C030D9 /* Project_01___SimpleStopWatchUITests.swift in Sources */ = {isa = PBXBuildFile; fileRef = F26577211CBBEC9A00C030D9 /* Project_01___SimpleStopWatchUITests.swift */; };
/* End PBXBuildFile section */

/* Begin PBXContainerItemProxy section */
		F26577131CBBEC9A00C030D9 /* PBXContainerItemProxy */ = {
			isa = PBXContainerItemProxy;
			containerPortal = F26576F61CBBEC9A00C030D9 /* Project object */;
			proxyType = 1;
			remoteGlobalIDString = F26576FD1CBBEC9A00C030D9;
			remoteInfo = "Project 01 - SimpleStopWatch";
		};
		F265771E1CBBEC9A00C030D9 /* PBXContainerItemProxy */ = {
			isa = PBXContainerItemProxy;
			containerPortal = F26576F61CBBEC9A00C030D9 /* Project object */;
			proxyType = 1;
			remoteGlobalIDString = F26576FD1CBBEC9A00C030D9;
			remoteInfo = "Project 01 - SimpleStopWatch";
		};
/* End PBXContainerItemProxy section */

/* Begin PBXFileReference section */
		F26576FE1CBBEC9A00C030D9 /* Project 01 - SimpleStopWatch.app */ = {isa = PBXFileReference; explicitFileType = wrapper.application; includeInIndex = 0; path = "Project 01 - SimpleStopWatch.app"; sourceTree = BUILT_PRODUCTS_DIR; };
		F26577011CBBEC9A00C030D9 /* AppDelegate.swift */ = {isa = PBXFileReference; lastKnownFileType = sourcecode.swift; path = AppDelegate.swift; sourceTree = "<group>"; };
		F26577031CBBEC9A00C030D9 /* ViewController.swift */ = {isa = PBXFileReference; lastKnownFileType = sourcecode.swift; path = ViewController.swift; sourceTree = "<group>"; };
		F26577061CBBEC9A00C030D9 /* Base */ = {isa = PBXFileReference; lastKnownFileType = file.storyboard; name = Base; path = Base.lproj/Main.storyboard; sourceTree = "<group>"; };
		F26577081CBBEC9A00C030D9 /* Assets.xcassets */ = {isa = PBXFileReference; lastKnownFileType = folder.assetcatalog; path = Assets.xcassets; sourceTree = "<group>"; };
		F265770B1CBBEC9A00C030D9 /* Base */ = {isa = PBXFileReference; lastKnownFileType = file.storyboard; name = Base; path = Base.lproj/LaunchScreen.storyboard; sourceTree = "<group>"; };
		F265770D1CBBEC9A00C030D9 /* Info.plist */ = {isa = PBXFileReference; lastKnownFileType = text.plist.xml; path = Info.plist; sourceTree = "<group>"; };
		F26577121CBBEC9A00C030D9 /* Project 01 - SimpleStopWatchTests.xctest */ = {isa = PBXFileReference; explicitFileType = wrapper.cfbundle; includeInIndex = 0; path = "Project 01 - SimpleStopWatchTests.xctest"; sourceTree = BUILT_PRODUCTS_DIR; };
		F26577161CBBEC9A00C030D9 /* Project_01___SimpleStopWatchTests.swift */ = {isa = PBXFileReference; lastKnownFileType = sourcecode.swift; path = "Project_01___SimpleStopWatchTests.swift"; sourceTree = "<group>"; };
		F26577181CBBEC9A00C030D9 /* Info.plist */ = {isa = PBXFileReference; lastKnownFileType = text.plist.xml; path = Info.plist; sourceTree = "<group>"; };
		F265771D1CBBEC9A00C030D9 /* Project 01 - SimpleStopWatchUITests.xctest */ = {isa = PBXFileReference; explicitFileType = wrapper.cfbundle; includeInIndex = 0; path = "Project 01 - SimpleStopWatchUITests.xctest"; sourceTree = BUILT_PRODUCTS_DIR; };
		F26577211CBBEC9A00C030D9 /* Project_01___SimpleStopWatchUITests.swift */ = {isa = PBXFileReference; lastKnownFileType = sourcecode.swift; path = "Project_01___SimpleStopWatchUITests.swift"; sourceTree = "<group>"; };
		F26577231CBBEC9A00C030D9 /* Info.plist */ = {isa = PBXFileReference; lastKnownFileType = text.plist.xml; path = Info.plist; sourceTree = "<group>"; };
/* End PBXFileReference section */

/* Begin PBXFrameworksBuildPhase section */
		F26576FB1CBBEC9A00C030D9 /* Frameworks */ = {
			isa = PBXFrameworksBuildPhase;
			buildActionMask = 2147483647;
			files = (
			);
			runOnlyForDeploymentPostprocessing = 0;
		};
		F265770F1CBBEC9A00C030D9 /* Frameworks */ = {
			isa = PBXFrameworksBuildPhase;
			buildActionMask = 2147483647;
			files = (
			);
			runOnlyForDeploymentPostprocessing = 0;
		};
		F265771A1CBBEC9A00C030D9 /* Frameworks */ = {
			isa = PBXFrameworksBuildPhase;
			buildActionMask = 2147483647;
			files = (
			);
			runOnlyForDeploymentPostprocessing = 0;
		};
/* End PBXFrameworksBuildPhase section */

/* Begin PBXGroup section */
		F26576F51CBBEC9A00C030D9 = {
			isa = PBXGroup;
			children = (
				F26577001CBBEC9A00C030D9 /* Project 01 - SimpleStopWatch */,
				F26577151CBBEC9A00C030D9 /* Project 01 - SimpleStopWatchTests */,
				F26577201CBBEC9A00C030D9 /* Project 01 - SimpleStopWatchUITests */,
				F26576FF1CBBEC9A00C030D9 /* Products */,
			);
			sourceTree = "<group>";
		};
		F26576FF1CBBEC9A00C030D9 /* Products */ = {
			isa = PBXGroup;
			children = (
				F26576FE1CBBEC9A00C030D9 /* Project 01 - SimpleStopWatch.app */,
				F26577121CBBEC9A00C030D9 /* Project 01 - SimpleStopWatchTests.xctest */,
				F265771D1CBBEC9A00C030D9 /* Project 01 - SimpleStopWatchUITests.xctest */,
			);
			name = Products;
			sourceTree = "<group>";
		};
		F26577001CBBEC9A00C030D9 /* Project 01 - SimpleStopWatch */ = {
			isa = PBXGroup;
			children = (
				F26577011CBBEC9A00C030D9 /* AppDelegate.swift */,
				F26577031CBBEC9A00C030D9 /* ViewController.swift */,
				F26577051CBBEC9A00C030D9 /* Main.storyboard */,
				F26577081CBBEC9A00C030D9 /* Assets.xcassets */,
				F265770A1CBBEC9A00C030D9 /* LaunchScreen.storyboard */,
				F265770D1CBBEC9A00C030D9 /* Info.plist */,
			);
			path = "Project 01 - SimpleStopWatch";
			sourceTree = "<group>";
		};
		F26577151CBBEC9A00C030D9 /* Project 01 - SimpleStopWatchTests */ = {
			isa = PBXGroup;
			children = (
				F26577161CBBEC9A00C030D9 /* Project_01___SimpleStopWatchTests.swift */,
				F26577181CBBEC9A00C030D9 /* Info.plist */,
			);
			path = "Project 01 - SimpleStopWatchTests";
			sourceTree = "<group>";
		};
		F26577201CBBEC9A00C030D9 /* Project 01 - SimpleStopWatchUITests */ = {
			isa = PBXGroup;
			children = (
				F26577211CBBEC9A00C030D9 /* Project_01___SimpleStopWatchUITests.swift */,
				F26577231CBBEC9A00C030D9 /* Info.plist */,
			);
			path = "Project 01 - SimpleStopWatchUITests";
			sourceTree = "<group>";
		};
/* End PBXGroup section */

/* Begin PBXNativeTarget section */
		F26576FD1CBBEC9A00C030D9 /* Project 01 - SimpleStopWatch */ = {
			isa = PBXNativeTarget;
			buildConfigurationList = F26577261CBBEC9A00C030D9 /* Build configuration list for PBXNativeTarget "Project 01 - SimpleStopWatch" */;
			buildPhases = (
				F26576FA1CBBEC9A00C030D9 /* Sources */,
				F26576FB1CBBEC9A00C030D9 /* Frameworks */,
				F26576FC1CBBEC9A00C030D9 /* Resources */,
			);
			buildRules = (
			);
			dependencies = (
			);
			name = "Project 01 - SimpleStopWatch";
			productName = "Project 01 - SimpleStopWatch";
			productReference = F26576FE1CBBEC9A00C030D9 /* Project 01 - SimpleStopWatch.app */;
			productType = "com.apple.product-type.application";
		};
		F26577111CBBEC9A00C030D9 /* Project 01 - SimpleStopWatchTests */ = {
			isa = PBXNativeTarget;
			buildConfigurationList = F26577291CBBEC9A00C030D9 /* Build configuration list for PBXNativeTarget "Project 01 - SimpleStopWatchTests" */;
			buildPhases = (
				F265770E1CBBEC9A00C030D9 /* Sources */,
				F265770F1CBBEC9A00C030D9 /* Frameworks */,
				F26577101CBBEC9A00C030D9 /* Resources */,
			);
			buildRules = (
			);
			dependencies = (
				F26577141CBBEC9A00C030D9 /* PBXTargetDependency */,
			);
			name = "Project 01 - SimpleStopWatchTests";
			productName = "Project 01 - SimpleStopWatchTests";
			productReference = F26577121CBBEC9A00C030D9 /* Project 01 - SimpleStopWatchTests.xctest */;
			productType = "com.apple.product-type.bundle.unit-test";
		};
		F265771C1CBBEC9A00C030D9 /* Project 01 - SimpleStopWatchUITests */ = {
			isa = PBXNativeTarget;
			buildConfigurationList = F265772C1CBBEC9A00C030D9 /* Build configuration list for PBXNativeTarget "Project 01 - SimpleStopWatchUITests" */;
			buildPhases = (
				F26577191CBBEC9A00C030D9 /* Sources */,
				F265771A1CBBEC9A00C030D9 /* Frameworks */,
				F265771B1CBBEC9A00C030D9 /* Resources */,
			);
			buildRules = (
			);
			dependencies = (
				F265771F1CBBEC9A00C030D9 /* PBXTargetDependency */,
			);
			name = "Project 01 - SimpleStopWatchUITests";
			productName = "Project 01 - SimpleStopWatchUITests";
			productReference = F265771D1CBBEC9A00C030D9 /* Project 01 - SimpleStopWatchUITests.xctest */;
			productType = "com.apple.product-type.bundle.ui-testing";
		};
/* End PBXNativeTarget section */

/* Begin PBXProject section */
		F26576F61CBBEC9A00C030D9 /* Project object */ = {
			isa = PBXProject;
			attributes = {
				LastSwiftUpdateCheck = 0730;
				LastUpgradeCheck = 0730;
				ORGANIZATIONNAME = feiyun;
				TargetAttributes = {
					F26576FD1CBBEC9A00C030D9 = {
						CreatedOnToolsVersion = 7.3;
						DevelopmentTeam = VCY363WARL;
					};
					F26577111CBBEC9A00C030D9 = {
						CreatedOnToolsVersion = 7.3;
						DevelopmentTeam = VCY363WARL;
						TestTargetID = F26576FD1CBBEC9A00C030D9;
					};
					F265771C1CBBEC9A00C030D9 = {
						CreatedOnToolsVersion = 7.3;
						DevelopmentTeam = VCY363WARL;
						TestTargetID = F26576FD1CBBEC9A00C030D9;
					};
				};
			};
			buildConfigurationList = F26576F91CBBEC9A00C030D9 /* Build configuration list for PBXProject "Project 01 - SimpleStopWatch" */;
			compatibilityVersion = "Xcode 3.2";
			developmentRegion = English;
			hasScannedForEncodings = 0;
			knownRegions = (
				en,
				Base,
			);
			mainGroup = F26576F51CBBEC9A00C030D9;
			productRefGroup = F26576FF1CBBEC9A00C030D9 /* Products */;
			projectDirPath = "";
			projectRoot = "";
			targets = (
				F26576FD1CBBEC9A00C030D9 /* Project 01 - SimpleStopWatch */,
				F26577111CBBEC9A00C030D9 /* Project 01 - SimpleStopWatchTests */,
				F265771C1CBBEC9A00C030D9 /* Project 01 - SimpleStopWatchUITests */,
			);
		};
/* End PBXProject section */

/* Begin PBXResourcesBuildPhase section */
		F26576FC1CBBEC9A00C030D9 /* Resources */ = {
			isa = PBXResourcesBuildPhase;
			buildActionMask = 2147483647;
			files = (
				F265770C1CBBEC9A00C030D9 /* LaunchScreen.storyboard in Resources */,
				F26577091CBBEC9A00C030D9 /* Assets.xcassets in Resources */,
				F26577071CBBEC9A00C030D9 /* Main.storyboard in Resources */,
			);
			runOnlyForDeploymentPostprocessing = 0;
		};
		F26577101CBBEC9A00C030D9 /* Resources */ = {
			isa = PBXResourcesBuildPhase;
			buildActionMask = 2147483647;
			files = (
			);
			runOnlyForDeploymentPostprocessing = 0;
		};
		F265771B1CBBEC9A00C030D9 /* Resources */ = {
			isa = PBXResourcesBuildPhase;
			buildActionMask = 2147483647;
			files = (
			);
			runOnlyForDeploymentPostprocessing = 0;
		};
/* End PBXResourcesBuildPhase section */

/* Begin PBXSourcesBuildPhase section */
		F26576FA1CBBEC9A00C030D9 /* Sources */ = {
			isa = PBXSourcesBuildPhase;
			buildActionMask = 2147483647;
			files = (
				F26577041CBBEC9A00C030D9 /* ViewController.swift in Sources */,
				F26577021CBBEC9A00C030D9 /* AppDelegate.swift in Sources */,
			);
			runOnlyForDeploymentPostprocessing = 0;
		};
		F265770E1CBBEC9A00C030D9 /* Sources */ = {
			isa = PBXSourcesBuildPhase;
			buildActionMask = 2147483647;
			files = (
				F26577171CBBEC9A00C030D9 /* Project_01___SimpleStopWatchTests.swift in Sources */,
			);
			runOnlyForDeploymentPostprocessing = 0;
		};
		F26577191CBBEC9A00C030D9 /* Sources */ = {
			isa = PBXSourcesBuildPhase;
			buildActionMask = 2147483647;
			files = (
				F26577221CBBEC9A00C030D9 /* Project_01___SimpleStopWatchUITests.swift in Sources */,
			);
			runOnlyForDeploymentPostprocessing = 0;
		};
/* End PBXSourcesBuildPhase section */

/* Begin PBXTargetDependency section */
		F26577141CBBEC9A00C030D9 /* PBXTargetDependency */ = {
			isa = PBXTargetDependency;
			target = F26576FD1CBBEC9A00C030D9 /* Project 01 - SimpleStopWatch */;
			targetProxy = F26577131CBBEC9A00C030D9 /* PBXContainerItemProxy */;
		};
		F265771F1CBBEC9A00C030D9 /* PBXTargetDependency */ = {
			isa = PBXTargetDependency;
			target = F26576FD1CBBEC9A00C030D9 /* Project 01 - SimpleStopWatch */;
			targetProxy = F265771E1CBBEC9A00C030D9 /* PBXContainerItemProxy */;
		};
/* End PBXTargetDependency section */

/* Begin PBXVariantGroup section */
		F26577051CBBEC9A00C030D9 /* Main.storyboard */ = {
			isa = PBXVariantGroup;
			children = (
				F26577061CBBEC9A00C030D9 /* Base */,
			);
			name = Main.storyboard;
			sourceTree = "<group>";
		};
		F265770A1CBBEC9A00C030D9 /* LaunchScreen.storyboard */ = {
			isa = PBXVariantGroup;
			children = (
				F265770B1CBBEC9A00C030D9 /* Base */,
			);
			name = LaunchScreen.storyboard;
			sourceTree = "<group>";
		};
/* End PBXVariantGroup section */

/* Begin XCBuildConfiguration section */
		F26577241CBBEC9A00C030D9 /* Debug */ = {
			isa = XCBuildConfiguration;
			buildSettings = {
				ALWAYS_SEARCH_USER_PATHS = NO;
				CLANG_ANALYZER_NONNULL = YES;
				CLANG_CXX_LANGUAGE_STANDARD = "gnu++0x";
				CLANG_CXX_LIBRARY = "libc++";
				CLANG_ENABLE_MODULES = YES;
				CLANG_ENABLE_OBJC_ARC = YES;
				CLANG_WARN_BOOL_CONVERSION = YES;
				CLANG_WARN_CONSTANT_CONVERSION = YES;
				CLANG_WARN_DIRECT_OBJC_ISA_USAGE = YES_ERROR;
				CLANG_WARN_EMPTY_BODY = YES;
				CLANG_WARN_ENUM_CONVERSION = YES;
				CLANG_WARN_INT_CONVERSION = YES;
				CLANG_WARN_OBJC_ROOT_CLASS = YES_ERROR;
				CLANG_WARN_UNREACHABLE_CODE = YES;
				CLANG_WARN__DUPLICATE_METHOD_MATCH = YES;
				"CODE_SIGN_IDENTITY[sdk=iphoneos*]" = "iPhone Developer";
				COPY_PHASE_STRIP = NO;
				DEBUG_INFORMATION_FORMAT = dwarf;
				ENABLE_STRICT_OBJC_MSGSEND = YES;
				ENABLE_TESTABILITY = YES;
				GCC_C_LANGUAGE_STANDARD = gnu99;
				GCC_DYNAMIC_NO_PIC = NO;
				GCC_NO_COMMON_BLOCKS = YES;
				GCC_OPTIMIZATION_LEVEL = 0;
				GCC_PREPROCESSOR_DEFINITIONS = (
					"DEBUG=1",
					"$(inherited)",
				);
				GCC_WARN_64_TO_32_BIT_CONVERSION = YES;
				GCC_WARN_ABOUT_RETURN_TYPE = YES_ERROR;
				GCC_WARN_UNDECLARED_SELECTOR = YES;
				GCC_WARN_UNINITIALIZED_AUTOS = YES_AGGRESSIVE;
				GCC_WARN_UNUSED_FUNCTION = YES;
				GCC_WARN_UNUSED_VARIABLE = YES;
				IPHONEOS_DEPLOYMENT_TARGET = 9.3;
				MTL_ENABLE_DEBUG_INFO = YES;
				ONLY_ACTIVE_ARCH = YES;
				SDKROOT = iphoneos;
				SWIFT_OPTIMIZATION_LEVEL = "-Onone";
				TARGETED_DEVICE_FAMILY = "1,2";
			};
			name = Debug;
		};
		F26577251CBBEC9A00C030D9 /* Release */ = {
			isa = XCBuildConfiguration;
			buildSettings = {
				ALWAYS_SEARCH_USER_PATHS = NO;
				CLANG_ANALYZER_NONNULL = YES;
				CLANG_CXX_LANGUAGE_STANDARD = "gnu++0x";
				CLANG_CXX_LIBRARY = "libc++";
				CLANG_ENABLE_MODULES = YES;
				CLANG_ENABLE_OBJC_ARC = YES;
				CLANG_WARN_BOOL_CONVERSION = YES;
				CLANG_WARN_CONSTANT_CONVERSION = YES;
				CLANG_WARN_DIRECT_OBJC_ISA_USAGE = YES_ERROR;
				CLANG_WARN_EMPTY_BODY = YES;
				CLANG_WARN_ENUM_CONVERSION = YES;
				CLANG_WARN_INT_CONVERSION = YES;
				CLANG_WARN_OBJC_ROOT_CLASS = YES_ERROR;
				CLANG_WARN_UNREACHABLE_CODE = YES;
				CLANG_WARN__DUPLICATE_METHOD_MATCH = YES;
				"CODE_SIGN_IDENTITY[sdk=iphoneos*]" = "iPhone Developer";
				COPY_PHASE_STRIP = NO;
				DEBUG_INFORMATION_FORMAT = "dwarf-with-dsym";
				ENABLE_NS_ASSERTIONS = NO;
				ENABLE_STRICT_OBJC_MSGSEND = YES;
				GCC_C_LANGUAGE_STANDARD = gnu99;
				GCC_NO_COMMON_BLOCKS = YES;
				GCC_WARN_64_TO_32_BIT_CONVERSION = YES;
				GCC_WARN_ABOUT_RETURN_TYPE = YES_ERROR;
				GCC_WARN_UNDECLARED_SELECTOR = YES;
				GCC_WARN_UNINITIALIZED_AUTOS = YES_AGGRESSIVE;
				GCC_WARN_UNUSED_FUNCTION = YES;
				GCC_WARN_UNUSED_VARIABLE = YES;
				IPHONEOS_DEPLOYMENT_TARGET = 9.3;
				MTL_ENABLE_DEBUG_INFO = NO;
				SDKROOT = iphoneos;
				TARGETED_DEVICE_FAMILY = "1,2";
				VALIDATE_PRODUCT = YES;
			};
			name = Release;
		};
		F26577271CBBEC9A00C030D9 /* Debug */ = {
			isa = XCBuildConfiguration;
			buildSettings = {
				ASSETCATALOG_COMPILER_APPICON_NAME = AppIcon;
				INFOPLIST_FILE = "Project 01 - SimpleStopWatch/Info.plist";
				LD_RUNPATH_SEARCH_PATHS = "$(inherited) @executable_path/Frameworks";
				PRODUCT_BUNDLE_IDENTIFIER = "com.feiyun.Project-01---SimpleStopWatch";
				PRODUCT_NAME = "$(TARGET_NAME)";
			};
			name = Debug;
		};
		F26577281CBBEC9A00C030D9 /* Release */ = {
			isa = XCBuildConfiguration;
			buildSettings = {
				ASSETCATALOG_COMPILER_APPICON_NAME = AppIcon;
				INFOPLIST_FILE = "Project 01 - SimpleStopWatch/Info.plist";
				LD_RUNPATH_SEARCH_PATHS = "$(inherited) @executable_path/Frameworks";
				PRODUCT_BUNDLE_IDENTIFIER = "com.feiyun.Project-01---SimpleStopWatch";
				PRODUCT_NAME = "$(TARGET_NAME)";
			};
			name = Release;
		};
		F265772A1CBBEC9A00C030D9 /* Debug */ = {
			isa = XCBuildConfiguration;
			buildSettings = {
				BUNDLE_LOADER = "$(TEST_HOST)";
				INFOPLIST_FILE = "Project 01 - SimpleStopWatchTests/Info.plist";
				LD_RUNPATH_SEARCH_PATHS = "$(inherited) @executable_path/Frameworks @loader_path/Frameworks";
				PRODUCT_BUNDLE_IDENTIFIER = "com.feiyun.Project-01---SimpleStopWatchTests";
				PRODUCT_NAME = "$(TARGET_NAME)";
				TEST_HOST = "$(BUILT_PRODUCTS_DIR)/Project 01 - SimpleStopWatch.app/Project 01 - SimpleStopWatch";
			};
			name = Debug;
		};
		F265772B1CBBEC9A00C030D9 /* Release */ = {
			isa = XCBuildConfiguration;
			buildSettings = {
				BUNDLE_LOADER = "$(TEST_HOST)";
				INFOPLIST_FILE = "Project 01 - SimpleStopWatchTests/Info.plist";
				LD_RUNPATH_SEARCH_PATHS = "$(inherited) @executable_path/Frameworks @loader_path/Frameworks";
				PRODUCT_BUNDLE_IDENTIFIER = "com.feiyun.Project-01---SimpleStopWatchTests";
				PRODUCT_NAME = "$(TARGET_NAME)";
				TEST_HOST = "$(BUILT_PRODUCTS_DIR)/Project 01 - SimpleStopWatch.app/Project 01 - SimpleStopWatch";
			};
			name = Release;
		};
		F265772D1CBBEC9A00C030D9 /* Debug */ = {
			isa = XCBuildConfiguration;
			buildSettings = {
				INFOPLIST_FILE = "Project 01 - SimpleStopWatchUITests/Info.plist";
				LD_RUNPATH_SEARCH_PATHS = "$(inherited) @executable_path/Frameworks @loader_path/Frameworks";
				PRODUCT_BUNDLE_IDENTIFIER = "com.feiyun.Project-01---SimpleStopWatchUITests";
				PRODUCT_NAME = "$(TARGET_NAME)";
				TEST_TARGET_NAME = "Project 01 - SimpleStopWatch";
			};
			name = Debug;
		};
		F265772E1CBBEC9A00C030D9 /* Release */ = {
			isa = XCBuildConfiguration;
			buildSettings = {
				INFOPLIST_FILE = "Project 01 - SimpleStopWatchUITests/Info.plist";
				LD_RUNPATH_SEARCH_PATHS = "$(inherited) @executable_path/Frameworks @loader_path/Frameworks";
				PRODUCT_BUNDLE_IDENTIFIER = "com.feiyun.Project-01---SimpleStopWatchUITests";
				PRODUCT_NAME = "$(TARGET_NAME)";
				TEST_TARGET_NAME = "Project 01 - SimpleStopWatch";
			};
			name = Release;
		};
/* End XCBuildConfiguration section */

/* Begin XCConfigurationList section */
		F26576F91CBBEC9A00C030D9 /* Build configuration list for PBXProject "Project 01 - SimpleStopWatch" */ = {
			isa = XCConfigurationList;
			buildConfigurations = (
				F26577241CBBEC9A00C030D9 /* Debug */,
				F26577251CBBEC9A00C030D9 /* Release */,
			);
			defaultConfigurationIsVisible = 0;
			defaultConfigurationName = Release;
		};
		F26577261CBBEC9A00C030D9 /* Build configuration list for PBXNativeTarget "Project 01 - SimpleStopWatch" */ = {
			isa = XCConfigurationList;
			buildConfigurations = (
				F26577271CBBEC9A00C030D9 /* Debug */,
				F26577281CBBEC9A00C030D9 /* Release */,
			);
			defaultConfigurationIsVisible = 0;
		};
		F26577291CBBEC9A00C030D9 /* Build configuration list for PBXNativeTarget "Project 01 - SimpleStopWatchTests" */ = {
			isa = XCConfigurationList;
			buildConfigurations = (
				F265772A1CBBEC9A00C030D9 /* Debug */,
				F265772B1CBBEC9A00C030D9 /* Release */,
			);
			defaultConfigurationIsVisible = 0;
		};
		F265772C1CBBEC9A00C030D9 /* Build configuration list for PBXNativeTarget "Project 01 - SimpleStopWatchUITests" */ = {
			isa = XCConfigurationList;
			buildConfigurations = (
				F265772D1CBBEC9A00C030D9 /* Debug */,
				F265772E1CBBEC9A00C030D9 /* Release */,
			);
			defaultConfigurationIsVisible = 0;
		};
/* End XCConfigurationList section */
	};
	rootObject = F26576F61CBBEC9A00C030D9 /* Project object */;
}
